
Microsoft Visual Studio Solution File, Format Version 12.00
# Visual Studio Version 16
VisualStudioVersion = 16.0.31729.503
MinimumVisualStudioVersion = 10.0.40219.1
Project("{FAE04EC0-301F-11D3-BF4B-00C04F79EFBC}") = "CoffeMakerLibrary", "CoffeMakerLibrary\CoffeMakerLibrary.csproj", "{CA524236-C5EB-4B10-A2C3-2B7DA2B7F7A8}"
EndProject
Project("{FAE04EC0-301F-11D3-BF4B-00C04F79EFBC}") = "CoffeMakerTests", "CoffeMakerTests\CoffeMakerTests.csproj", "{983B5DE9-FDEA-4B39-9048-0A25B5E1CFAC}"
EndProject
Global
	GlobalSection(SolutionConfigurationPlatforms) = preSolution
		Debug|Any CPU = Debug|Any CPU
		Release|Any CPU = Release|Any CPU
	EndGlobalSection
	GlobalSection(ProjectConfigurationPlatforms) = postSolution
		{CA524236-C5EB-4B10-A2C3-2B7DA2B7F7A8}.Debug|Any CPU.ActiveCfg = Debug|Any CPU
		{CA524236-C5EB-4B10-A2C3-2B7DA2B7F7A8}.Debug|Any CPU.Build.0 = Debug|Any CPU
		{CA524236-C5EB-4B10-A2C3-2B7DA2B7F7A8}.Release|Any CPU.ActiveCfg = Release|Any CPU
		{CA524236-C5EB-4B10-A2C3-2B7DA2B7F7A8}.Release|Any CPU.Build.0 = Release|Any CPU
		{983B5DE9-FDEA-4B39-9048-0A25B5E1CFAC}.Debug|Any CPU.ActiveCfg = Debug|Any CPU
		{983B5DE9-FDEA-4B39-9048-0A25B5E1CFAC}.Debug|Any CPU.Build.0 = Debug|Any CPU
		{983B5DE9-FDEA-4B39-9048-0A25B5E1CFAC}.Release|Any CPU.ActiveCfg = Release|Any CPU
		{983B5DE9-FDEA-4B39-9048-0A25B5E1CFAC}.Release|Any CPU.Build.0 = Release|Any CPU
	EndGlobalSection
	GlobalSection(SolutionProperties) = preSolution
		HideSolutionNode = FALSE
	EndGlobalSection
	GlobalSection(ExtensibilityGlobals) = postSolution
		SolutionGuid = {2B31307D-51E4-45B5-9DCB-C8790B9BD87E}
	EndGlobalSection
EndGlobal
